
Microsoft Visual Studio Solution File, Format Version 12.00
# Visual Studio Version 17
VisualStudioVersion = 17.7.34003.232
MinimumVisualStudioVersion = 10.0.40219.1
Project("{FAE04EC0-301F-11D3-BF4B-00C04F79EFBC}") = "DotNetCorePrac", "DotNetCorePrac\DotNetCorePrac.csproj", "{EB8C077C-BE3F-4A15-97A2-07C40AC9F3A0}"
EndProject
Global
	GlobalSection(SolutionConfigurationPlatforms) = preSolution
		Debug|Any CPU = Debug|Any CPU
		Release|Any CPU = Release|Any CPU
	EndGlobalSection
	GlobalSection(ProjectConfigurationPlatforms) = postSolution
		{EB8C077C-BE3F-4A15-97A2-07C40AC9F3A0}.Debug|Any CPU.ActiveCfg = Debug|Any CPU
		{EB8C077C-BE3F-4A15-97A2-07C40AC9F3A0}.Debug|Any CPU.Build.0 = Debug|Any CPU
		{EB8C077C-BE3F-4A15-97A2-07C40AC9F3A0}.Release|Any CPU.ActiveCfg = Release|Any CPU
		{EB8C077C-BE3F-4A15-97A2-07C40AC9F3A0}.Release|Any CPU.Build.0 = Release|Any CPU
	EndGlobalSection
	GlobalSection(SolutionProperties) = preSolution
		HideSolutionNode = FALSE
	EndGlobalSection
	GlobalSection(ExtensibilityGlobals) = postSolution
		SolutionGuid = {0310E1D8-6973-4076-83F7-DCE0CEF677D6}
	EndGlobalSection
EndGlobal
